
Microsoft Visual Studio Solution File, Format Version 12.00
Project("{FAE04EC0-301F-11D3-BF4B-00C04F79EFBC}") = "StudyASPMVCWebApp", "StudyASPMVCWebApp\StudyASPMVCWebApp.csproj", "{2136DD04-8432-4121-B342-CB22331EDC78}"
EndProject
Global
	GlobalSection(SolutionConfigurationPlatforms) = preSolution
		Debug|Any CPU = Debug|Any CPU
		Release|Any CPU = Release|Any CPU
	EndGlobalSection
	GlobalSection(ProjectConfigurationPlatforms) = postSolution
		{2136DD04-8432-4121-B342-CB22331EDC78}.Debug|Any CPU.ActiveCfg = Debug|Any CPU
		{2136DD04-8432-4121-B342-CB22331EDC78}.Debug|Any CPU.Build.0 = Debug|Any CPU
		{2136DD04-8432-4121-B342-CB22331EDC78}.Release|Any CPU.ActiveCfg = Release|Any CPU
		{2136DD04-8432-4121-B342-CB22331EDC78}.Release|Any CPU.Build.0 = Release|Any CPU
	EndGlobalSection
EndGlobal
